
Microsoft Visual Studio Solution File, Format Version 12.00
# Visual Studio Version 17
VisualStudioVersion = 17.12.35707.178
MinimumVisualStudioVersion = 10.0.40219.1
Project("{FAE04EC0-301F-11D3-BF4B-00C04F79EFBC}") = "Reza.TravelManagement.Domain", "Reza.TravelManagement.Domain\Reza.TravelManagement.Domain.csproj", "{1AA1322D-88E0-4F76-9787-D3DF7E0C2A15}"
EndProject
Project("{2150E333-8FDC-42A3-9474-1A3956D46DE8}") = "Shared", "Shared", "{59E99984-FF54-4F3B-9822-F848C44DD465}"
EndProject
Project("{FAE04EC0-301F-11D3-BF4B-00C04F79EFBC}") = "Reza.TravelManagement.Shared.Abstractions", "Reza.TravelManagement.Shared.Abstractions\Reza.TravelManagement.Shared.Abstractions.csproj", "{2253F007-4B96-4851-BA3A-12CB03404ECF}"
EndProject
Global
	GlobalSection(SolutionConfigurationPlatforms) = preSolution
		Debug|Any CPU = Debug|Any CPU
		Release|Any CPU = Release|Any CPU
	EndGlobalSection
	GlobalSection(ProjectConfigurationPlatforms) = postSolution
		{1AA1322D-88E0-4F76-9787-D3DF7E0C2A15}.Debug|Any CPU.ActiveCfg = Debug|Any CPU
		{1AA1322D-88E0-4F76-9787-D3DF7E0C2A15}.Debug|Any CPU.Build.0 = Debug|Any CPU
		{1AA1322D-88E0-4F76-9787-D3DF7E0C2A15}.Release|Any CPU.ActiveCfg = Release|Any CPU
		{1AA1322D-88E0-4F76-9787-D3DF7E0C2A15}.Release|Any CPU.Build.0 = Release|Any CPU
		{2253F007-4B96-4851-BA3A-12CB03404ECF}.Debug|Any CPU.ActiveCfg = Debug|Any CPU
		{2253F007-4B96-4851-BA3A-12CB03404ECF}.Debug|Any CPU.Build.0 = Debug|Any CPU
		{2253F007-4B96-4851-BA3A-12CB03404ECF}.Release|Any CPU.ActiveCfg = Release|Any CPU
		{2253F007-4B96-4851-BA3A-12CB03404ECF}.Release|Any CPU.Build.0 = Release|Any CPU
	EndGlobalSection
	GlobalSection(SolutionProperties) = preSolution
		HideSolutionNode = FALSE
	EndGlobalSection
	GlobalSection(NestedProjects) = preSolution
		{2253F007-4B96-4851-BA3A-12CB03404ECF} = {59E99984-FF54-4F3B-9822-F848C44DD465}
	EndGlobalSection
EndGlobal
